
Microsoft Visual Studio Solution File, Format Version 12.00
# Visual Studio 15
VisualStudioVersion = 15.0.28307.106
MinimumVisualStudioVersion = 10.0.40219.1
Project("{FAE04EC0-301F-11D3-BF4B-00C04F79EFBC}") = "WebAPI", "WebAPI\WebAPI.csproj", "{58069419-56CB-4687-BFA1-95D3D30A736F}"
EndProject
Project("{FAE04EC0-301F-11D3-BF4B-00C04F79EFBC}") = "PersitenceService", "PersitenceService\PersitenceService.csproj", "{CDE042E7-3085-4EF8-89BC-9AE14E277BBE}"
EndProject
Global
	GlobalSection(SolutionConfigurationPlatforms) = preSolution
		Debug|Any CPU = Debug|Any CPU
		Release|Any CPU = Release|Any CPU
	EndGlobalSection
	GlobalSection(ProjectConfigurationPlatforms) = postSolution
		{58069419-56CB-4687-BFA1-95D3D30A736F}.Debug|Any CPU.ActiveCfg = Debug|Any CPU
		{58069419-56CB-4687-BFA1-95D3D30A736F}.Debug|Any CPU.Build.0 = Debug|Any CPU
		{58069419-56CB-4687-BFA1-95D3D30A736F}.Release|Any CPU.ActiveCfg = Release|Any CPU
		{58069419-56CB-4687-BFA1-95D3D30A736F}.Release|Any CPU.Build.0 = Release|Any CPU
		{CDE042E7-3085-4EF8-89BC-9AE14E277BBE}.Debug|Any CPU.ActiveCfg = Debug|Any CPU
		{CDE042E7-3085-4EF8-89BC-9AE14E277BBE}.Debug|Any CPU.Build.0 = Debug|Any CPU
		{CDE042E7-3085-4EF8-89BC-9AE14E277BBE}.Release|Any CPU.ActiveCfg = Release|Any CPU
		{CDE042E7-3085-4EF8-89BC-9AE14E277BBE}.Release|Any CPU.Build.0 = Release|Any CPU
	EndGlobalSection
	GlobalSection(SolutionProperties) = preSolution
		HideSolutionNode = FALSE
	EndGlobalSection
	GlobalSection(ExtensibilityGlobals) = postSolution
		SolutionGuid = {8B7EC9E8-E721-4430-B655-C055AEEF9E83}
	EndGlobalSection
EndGlobal
